
Microsoft Visual Studio Solution File, Format Version 12.00
# Visual Studio Version 17
VisualStudioVersion = 17.9.34616.47
MinimumVisualStudioVersion = 10.0.40219.1
Project("{FAE04EC0-301F-11D3-BF4B-00C04F79EFBC}") = "Test", "Test.csproj", "{39DB7761-F7F9-4181-976D-FA3B056323B5}"
EndProject
Global
	GlobalSection(SolutionConfigurationPlatforms) = preSolution
		Debug|Any CPU = Debug|Any CPU
		Release|Any CPU = Release|Any CPU
	EndGlobalSection
	GlobalSection(ProjectConfigurationPlatforms) = postSolution
		{39DB7761-F7F9-4181-976D-FA3B056323B5}.Debug|Any CPU.ActiveCfg = Debug|Any CPU
		{39DB7761-F7F9-4181-976D-FA3B056323B5}.Debug|Any CPU.Build.0 = Debug|Any CPU
		{39DB7761-F7F9-4181-976D-FA3B056323B5}.Release|Any CPU.ActiveCfg = Release|Any CPU
		{39DB7761-F7F9-4181-976D-FA3B056323B5}.Release|Any CPU.Build.0 = Release|Any CPU
	EndGlobalSection
	GlobalSection(SolutionProperties) = preSolution
		HideSolutionNode = FALSE
	EndGlobalSection
	GlobalSection(ExtensibilityGlobals) = postSolution
		SolutionGuid = {416C2EA2-C341-462D-82D0-B454956DC7CC}
	EndGlobalSection
EndGlobal
